// !$*UTF8*$!
{
	archiveVersion = 1;
	classes = {
	};
	objectVersion = 56;
	objects = {

/* Begin PBXBuildFile section */
		CABCE6442B2FBB980006040C /* WNDEventMechanicApp.swift in Sources */ = {isa = PBXBuildFile; fileRef = CABCE6432B2FBB980006040C /* WNDEventMechanicApp.swift */; };
		CABCE6462B2FBB980006040C /* ContentView.swift in Sources */ = {isa = PBXBuildFile; fileRef = CABCE6452B2FBB980006040C /* ContentView.swift */; };
		CABCE6482B2FBB990006040C /* Assets.xcassets in Resources */ = {isa = PBXBuildFile; fileRef = CABCE6472B2FBB990006040C /* Assets.xcassets */; };
		CABCE64B2B2FBB990006040C /* Preview Assets.xcassets in Resources */ = {isa = PBXBuildFile; fileRef = CABCE64A2B2FBB990006040C /* Preview Assets.xcassets */; };
		CABCE6552B2FBB990006040C /* WNDEventMechanicTests.swift in Sources */ = {isa = PBXBuildFile; fileRef = CABCE6542B2FBB990006040C /* WNDEventMechanicTests.swift */; };
		CABCE65F2B2FBB990006040C /* WNDEventMechanicUITests.swift in Sources */ = {isa = PBXBuildFile; fileRef = CABCE65E2B2FBB990006040C /* WNDEventMechanicUITests.swift */; };
		CABCE6612B2FBB990006040C /* WNDEventMechanicUITestsLaunchTests.swift in Sources */ = {isa = PBXBuildFile; fileRef = CABCE6602B2FBB990006040C /* WNDEventMechanicUITestsLaunchTests.swift */; };
		CABCE66E2B2FBBA30006040C /* Condition.swift in Sources */ = {isa = PBXBuildFile; fileRef = CABCE66D2B2FBBA30006040C /* Condition.swift */; };
		CABCE6702B2FCC070006040C /* Dependencies.swift in Sources */ = {isa = PBXBuildFile; fileRef = CABCE66F2B2FCC070006040C /* Dependencies.swift */; };
		CABCE6722B2FCC140006040C /* PlayerEvents.swift in Sources */ = {isa = PBXBuildFile; fileRef = CABCE6712B2FCC140006040C /* PlayerEvents.swift */; };
		CABCE6742B2FCC4F0006040C /* EventQueueView.swift in Sources */ = {isa = PBXBuildFile; fileRef = CABCE6732B2FCC4F0006040C /* EventQueueView.swift */; };
/* End PBXBuildFile section */

/* Begin PBXContainerItemProxy section */
		CABCE6512B2FBB990006040C /* PBXContainerItemProxy */ = {
			isa = PBXContainerItemProxy;
			containerPortal = CABCE6382B2FBB980006040C /* Project object */;
			proxyType = 1;
			remoteGlobalIDString = CABCE63F2B2FBB980006040C;
			remoteInfo = WNDEventMechanic;
		};
		CABCE65B2B2FBB990006040C /* PBXContainerItemProxy */ = {
			isa = PBXContainerItemProxy;
			containerPortal = CABCE6382B2FBB980006040C /* Project object */;
			proxyType = 1;
			remoteGlobalIDString = CABCE63F2B2FBB980006040C;
			remoteInfo = WNDEventMechanic;
		};
/* End PBXContainerItemProxy section */

/* Begin PBXFileReference section */
		CABCE6402B2FBB980006040C /* WNDEventMechanic.app */ = {isa = PBXFileReference; explicitFileType = wrapper.application; includeInIndex = 0; path = WNDEventMechanic.app; sourceTree = BUILT_PRODUCTS_DIR; };
		CABCE6432B2FBB980006040C /* WNDEventMechanicApp.swift */ = {isa = PBXFileReference; lastKnownFileType = sourcecode.swift; path = WNDEventMechanicApp.swift; sourceTree = "<group>"; };
		CABCE6452B2FBB980006040C /* ContentView.swift */ = {isa = PBXFileReference; lastKnownFileType = sourcecode.swift; path = ContentView.swift; sourceTree = "<group>"; };
		CABCE6472B2FBB990006040C /* Assets.xcassets */ = {isa = PBXFileReference; lastKnownFileType = folder.assetcatalog; path = Assets.xcassets; sourceTree = "<group>"; };
		CABCE64A2B2FBB990006040C /* Preview Assets.xcassets */ = {isa = PBXFileReference; lastKnownFileType = folder.assetcatalog; path = "Preview Assets.xcassets"; sourceTree = "<group>"; };
		CABCE6502B2FBB990006040C /* WNDEventMechanicTests.xctest */ = {isa = PBXFileReference; explicitFileType = wrapper.cfbundle; includeInIndex = 0; path = WNDEventMechanicTests.xctest; sourceTree = BUILT_PRODUCTS_DIR; };
		CABCE6542B2FBB990006040C /* WNDEventMechanicTests.swift */ = {isa = PBXFileReference; lastKnownFileType = sourcecode.swift; path = WNDEventMechanicTests.swift; sourceTree = "<group>"; };
		CABCE65A2B2FBB990006040C /* WNDEventMechanicUITests.xctest */ = {isa = PBXFileReference; explicitFileType = wrapper.cfbundle; includeInIndex = 0; path = WNDEventMechanicUITests.xctest; sourceTree = BUILT_PRODUCTS_DIR; };
		CABCE65E2B2FBB990006040C /* WNDEventMechanicUITests.swift */ = {isa = PBXFileReference; lastKnownFileType = sourcecode.swift; path = WNDEventMechanicUITests.swift; sourceTree = "<group>"; };
		CABCE6602B2FBB990006040C /* WNDEventMechanicUITestsLaunchTests.swift */ = {isa = PBXFileReference; lastKnownFileType = sourcecode.swift; path = WNDEventMechanicUITestsLaunchTests.swift; sourceTree = "<group>"; };
		CABCE66D2B2FBBA30006040C /* Condition.swift */ = {isa = PBXFileReference; lastKnownFileType = sourcecode.swift; path = Condition.swift; sourceTree = "<group>"; };
		CABCE66F2B2FCC070006040C /* Dependencies.swift */ = {isa = PBXFileReference; lastKnownFileType = sourcecode.swift; path = Dependencies.swift; sourceTree = "<group>"; };
		CABCE6712B2FCC140006040C /* PlayerEvents.swift */ = {isa = PBXFileReference; lastKnownFileType = sourcecode.swift; path = PlayerEvents.swift; sourceTree = "<group>"; };
		CABCE6732B2FCC4F0006040C /* EventQueueView.swift */ = {isa = PBXFileReference; lastKnownFileType = sourcecode.swift; path = EventQueueView.swift; sourceTree = "<group>"; };
/* End PBXFileReference section */

/* Begin PBXFrameworksBuildPhase section */
		CABCE63D2B2FBB980006040C /* Frameworks */ = {
			isa = PBXFrameworksBuildPhase;
			buildActionMask = 2147483647;
			files = (
			);
			runOnlyForDeploymentPostprocessing = 0;
		};
		CABCE64D2B2FBB990006040C /* Frameworks */ = {
			isa = PBXFrameworksBuildPhase;
			buildActionMask = 2147483647;
			files = (
			);
			runOnlyForDeploymentPostprocessing = 0;
		};
		CABCE6572B2FBB990006040C /* Frameworks */ = {
			isa = PBXFrameworksBuildPhase;
			buildActionMask = 2147483647;
			files = (
			);
			runOnlyForDeploymentPostprocessing = 0;
		};
/* End PBXFrameworksBuildPhase section */

/* Begin PBXGroup section */
		CABCE6372B2FBB980006040C = {
			isa = PBXGroup;
			children = (
				CABCE6422B2FBB980006040C /* WNDEventMechanic */,
				CABCE6532B2FBB990006040C /* WNDEventMechanicTests */,
				CABCE65D2B2FBB990006040C /* WNDEventMechanicUITests */,
				CABCE6412B2FBB980006040C /* Products */,
			);
			sourceTree = "<group>";
		};
		CABCE6412B2FBB980006040C /* Products */ = {
			isa = PBXGroup;
			children = (
				CABCE6402B2FBB980006040C /* WNDEventMechanic.app */,
				CABCE6502B2FBB990006040C /* WNDEventMechanicTests.xctest */,
				CABCE65A2B2FBB990006040C /* WNDEventMechanicUITests.xctest */,
			);
			name = Products;
			sourceTree = "<group>";
		};
		CABCE6422B2FBB980006040C /* WNDEventMechanic */ = {
			isa = PBXGroup;
			children = (
				CABCE6432B2FBB980006040C /* WNDEventMechanicApp.swift */,
				CABCE6452B2FBB980006040C /* ContentView.swift */,
				CABCE66D2B2FBBA30006040C /* Condition.swift */,
				CABCE6732B2FCC4F0006040C /* EventQueueView.swift */,
				CABCE66F2B2FCC070006040C /* Dependencies.swift */,
				CABCE6712B2FCC140006040C /* PlayerEvents.swift */,
				CABCE6472B2FBB990006040C /* Assets.xcassets */,
				CABCE6492B2FBB990006040C /* Preview Content */,
			);
			path = WNDEventMechanic;
			sourceTree = "<group>";
		};
		CABCE6492B2FBB990006040C /* Preview Content */ = {
			isa = PBXGroup;
			children = (
				CABCE64A2B2FBB990006040C /* Preview Assets.xcassets */,
			);
			path = "Preview Content";
			sourceTree = "<group>";
		};
		CABCE6532B2FBB990006040C /* WNDEventMechanicTests */ = {
			isa = PBXGroup;
			children = (
				CABCE6542B2FBB990006040C /* WNDEventMechanicTests.swift */,
			);
			path = WNDEventMechanicTests;
			sourceTree = "<group>";
		};
		CABCE65D2B2FBB990006040C /* WNDEventMechanicUITests */ = {
			isa = PBXGroup;
			children = (
				CABCE65E2B2FBB990006040C /* WNDEventMechanicUITests.swift */,
				CABCE6602B2FBB990006040C /* WNDEventMechanicUITestsLaunchTests.swift */,
			);
			path = WNDEventMechanicUITests;
			sourceTree = "<group>";
		};
/* End PBXGroup section */

/* Begin PBXNativeTarget section */
		CABCE63F2B2FBB980006040C /* WNDEventMechanic */ = {
			isa = PBXNativeTarget;
			buildConfigurationList = CABCE6642B2FBB990006040C /* Build configuration list for PBXNativeTarget "WNDEventMechanic" */;
			buildPhases = (
				CABCE63C2B2FBB980006040C /* Sources */,
				CABCE63D2B2FBB980006040C /* Frameworks */,
				CABCE63E2B2FBB980006040C /* Resources */,
			);
			buildRules = (
			);
			dependencies = (
			);
			name = WNDEventMechanic;
			productName = WNDEventMechanic;
			productReference = CABCE6402B2FBB980006040C /* WNDEventMechanic.app */;
			productType = "com.apple.product-type.application";
		};
		CABCE64F2B2FBB990006040C /* WNDEventMechanicTests */ = {
			isa = PBXNativeTarget;
			buildConfigurationList = CABCE6672B2FBB990006040C /* Build configuration list for PBXNativeTarget "WNDEventMechanicTests" */;
			buildPhases = (
				CABCE64C2B2FBB990006040C /* Sources */,
				CABCE64D2B2FBB990006040C /* Frameworks */,
				CABCE64E2B2FBB990006040C /* Resources */,
			);
			buildRules = (
			);
			dependencies = (
				CABCE6522B2FBB990006040C /* PBXTargetDependency */,
			);
			name = WNDEventMechanicTests;
			productName = WNDEventMechanicTests;
			productReference = CABCE6502B2FBB990006040C /* WNDEventMechanicTests.xctest */;
			productType = "com.apple.product-type.bundle.unit-test";
		};
		CABCE6592B2FBB990006040C /* WNDEventMechanicUITests */ = {
			isa = PBXNativeTarget;
			buildConfigurationList = CABCE66A2B2FBB990006040C /* Build configuration list for PBXNativeTarget "WNDEventMechanicUITests" */;
			buildPhases = (
				CABCE6562B2FBB990006040C /* Sources */,
				CABCE6572B2FBB990006040C /* Frameworks */,
				CABCE6582B2FBB990006040C /* Resources */,
			);
			buildRules = (
			);
			dependencies = (
				CABCE65C2B2FBB990006040C /* PBXTargetDependency */,
			);
			name = WNDEventMechanicUITests;
			productName = WNDEventMechanicUITests;
			productReference = CABCE65A2B2FBB990006040C /* WNDEventMechanicUITests.xctest */;
			productType = "com.apple.product-type.bundle.ui-testing";
		};
/* End PBXNativeTarget section */

/* Begin PBXProject section */
		CABCE6382B2FBB980006040C /* Project object */ = {
			isa = PBXProject;
			attributes = {
				BuildIndependentTargetsInParallel = 1;
				LastSwiftUpdateCheck = 1510;
				LastUpgradeCheck = 1510;
				TargetAttributes = {
					CABCE63F2B2FBB980006040C = {
						CreatedOnToolsVersion = 15.1;
					};
					CABCE64F2B2FBB990006040C = {
						CreatedOnToolsVersion = 15.1;
						TestTargetID = CABCE63F2B2FBB980006040C;
					};
					CABCE6592B2FBB990006040C = {
						CreatedOnToolsVersion = 15.1;
						TestTargetID = CABCE63F2B2FBB980006040C;
					};
				};
			};
			buildConfigurationList = CABCE63B2B2FBB980006040C /* Build configuration list for PBXProject "WNDEventMechanic" */;
			compatibilityVersion = "Xcode 14.0";
			developmentRegion = en;
			hasScannedForEncodings = 0;
			knownRegions = (
				en,
				Base,
			);
			mainGroup = CABCE6372B2FBB980006040C;
			productRefGroup = CABCE6412B2FBB980006040C /* Products */;
			projectDirPath = "";
			projectRoot = "";
			targets = (
				CABCE63F2B2FBB980006040C /* WNDEventMechanic */,
				CABCE64F2B2FBB990006040C /* WNDEventMechanicTests */,
				CABCE6592B2FBB990006040C /* WNDEventMechanicUITests */,
			);
		};
/* End PBXProject section */

/* Begin PBXResourcesBuildPhase section */
		CABCE63E2B2FBB980006040C /* Resources */ = {
			isa = PBXResourcesBuildPhase;
			buildActionMask = 2147483647;
			files = (
				CABCE64B2B2FBB990006040C /* Preview Assets.xcassets in Resources */,
				CABCE6482B2FBB990006040C /* Assets.xcassets in Resources */,
			);
			runOnlyForDeploymentPostprocessing = 0;
		};
		CABCE64E2B2FBB990006040C /* Resources */ = {
			isa = PBXResourcesBuildPhase;
			buildActionMask = 2147483647;
			files = (
			);
			runOnlyForDeploymentPostprocessing = 0;
		};
		CABCE6582B2FBB990006040C /* Resources */ = {
			isa = PBXResourcesBuildPhase;
			buildActionMask = 2147483647;
			files = (
			);
			runOnlyForDeploymentPostprocessing = 0;
		};
/* End PBXResourcesBuildPhase section */

/* Begin PBXSourcesBuildPhase section */
		CABCE63C2B2FBB980006040C /* Sources */ = {
			isa = PBXSourcesBuildPhase;
			buildActionMask = 2147483647;
			files = (
				CABCE6702B2FCC070006040C /* Dependencies.swift in Sources */,
				CABCE6742B2FCC4F0006040C /* EventQueueView.swift in Sources */,
				CABCE6462B2FBB980006040C /* ContentView.swift in Sources */,
				CABCE66E2B2FBBA30006040C /* Condition.swift in Sources */,
				CABCE6722B2FCC140006040C /* PlayerEvents.swift in Sources */,
				CABCE6442B2FBB980006040C /* WNDEventMechanicApp.swift in Sources */,
			);
			runOnlyForDeploymentPostprocessing = 0;
		};
		CABCE64C2B2FBB990006040C /* Sources */ = {
			isa = PBXSourcesBuildPhase;
			buildActionMask = 2147483647;
			files = (
				CABCE6552B2FBB990006040C /* WNDEventMechanicTests.swift in Sources */,
			);
			runOnlyForDeploymentPostprocessing = 0;
		};
		CABCE6562B2FBB990006040C /* Sources */ = {
			isa = PBXSourcesBuildPhase;
			buildActionMask = 2147483647;
			files = (
				CABCE65F2B2FBB990006040C /* WNDEventMechanicUITests.swift in Sources */,
				CABCE6612B2FBB990006040C /* WNDEventMechanicUITestsLaunchTests.swift in Sources */,
			);
			runOnlyForDeploymentPostprocessing = 0;
		};
/* End PBXSourcesBuildPhase section */

/* Begin PBXTargetDependency section */
		CABCE6522B2FBB990006040C /* PBXTargetDependency */ = {
			isa = PBXTargetDependency;
			target = CABCE63F2B2FBB980006040C /* WNDEventMechanic */;
			targetProxy = CABCE6512B2FBB990006040C /* PBXContainerItemProxy */;
		};
		CABCE65C2B2FBB990006040C /* PBXTargetDependency */ = {
			isa = PBXTargetDependency;
			target = CABCE63F2B2FBB980006040C /* WNDEventMechanic */;
			targetProxy = CABCE65B2B2FBB990006040C /* PBXContainerItemProxy */;
		};
/* End PBXTargetDependency section */

/* Begin XCBuildConfiguration section */
		CABCE6622B2FBB990006040C /* Debug */ = {
			isa = XCBuildConfiguration;
			buildSettings = {
				ALWAYS_SEARCH_USER_PATHS = NO;
				ASSETCATALOG_COMPILER_GENERATE_SWIFT_ASSET_SYMBOL_EXTENSIONS = YES;
				CLANG_ANALYZER_NONNULL = YES;
				CLANG_ANALYZER_NUMBER_OBJECT_CONVERSION = YES_AGGRESSIVE;
				CLANG_CXX_LANGUAGE_STANDARD = "gnu++20";
				CLANG_ENABLE_MODULES = YES;
				CLANG_ENABLE_OBJC_ARC = YES;
				CLANG_ENABLE_OBJC_WEAK = YES;
				CLANG_WARN_BLOCK_CAPTURE_AUTORELEASING = YES;
				CLANG_WARN_BOOL_CONVERSION = YES;
				CLANG_WARN_COMMA = YES;
				CLANG_WARN_CONSTANT_CONVERSION = YES;
				CLANG_WARN_DEPRECATED_OBJC_IMPLEMENTATIONS = YES;
				CLANG_WARN_DIRECT_OBJC_ISA_USAGE = YES_ERROR;
				CLANG_WARN_DOCUMENTATION_COMMENTS = YES;
				CLANG_WARN_EMPTY_BODY = YES;
				CLANG_WARN_ENUM_CONVERSION = YES;
				CLANG_WARN_INFINITE_RECURSION = YES;
				CLANG_WARN_INT_CONVERSION = YES;
				CLANG_WARN_NON_LITERAL_NULL_CONVERSION = YES;
				CLANG_WARN_OBJC_IMPLICIT_RETAIN_SELF = YES;
				CLANG_WARN_OBJC_LITERAL_CONVERSION = YES;
				CLANG_WARN_OBJC_ROOT_CLASS = YES_ERROR;
				CLANG_WARN_QUOTED_INCLUDE_IN_FRAMEWORK_HEADER = YES;
				CLANG_WARN_RANGE_LOOP_ANALYSIS = YES;
				CLANG_WARN_STRICT_PROTOTYPES = YES;
				CLANG_WARN_SUSPICIOUS_MOVE = YES;
				CLANG_WARN_UNGUARDED_AVAILABILITY = YES_AGGRESSIVE;
				CLANG_WARN_UNREACHABLE_CODE = YES;
				CLANG_WARN__DUPLICATE_METHOD_MATCH = YES;
				COPY_PHASE_STRIP = NO;
				DEBUG_INFORMATION_FORMAT = dwarf;
				ENABLE_STRICT_OBJC_MSGSEND = YES;
				ENABLE_TESTABILITY = YES;
				ENABLE_USER_SCRIPT_SANDBOXING = YES;
				GCC_C_LANGUAGE_STANDARD = gnu17;
				GCC_DYNAMIC_NO_PIC = NO;
				GCC_NO_COMMON_BLOCKS = YES;
				GCC_OPTIMIZATION_LEVEL = 0;
				GCC_PREPROCESSOR_DEFINITIONS = (
					"DEBUG=1",
					"$(inherited)",
				);
				GCC_WARN_64_TO_32_BIT_CONVERSION = YES;
				GCC_WARN_ABOUT_RETURN_TYPE = YES_ERROR;
				GCC_WARN_UNDECLARED_SELECTOR = YES;
				GCC_WARN_UNINITIALIZED_AUTOS = YES_AGGRESSIVE;
				GCC_WARN_UNUSED_FUNCTION = YES;
				GCC_WARN_UNUSED_VARIABLE = YES;
				IPHONEOS_DEPLOYMENT_TARGET = 17.2;
				LOCALIZATION_PREFERS_STRING_CATALOGS = YES;
				MTL_ENABLE_DEBUG_INFO = INCLUDE_SOURCE;
				MTL_FAST_MATH = YES;
				ONLY_ACTIVE_ARCH = YES;
				SDKROOT = iphoneos;
				SWIFT_ACTIVE_COMPILATION_CONDITIONS = "DEBUG $(inherited)";
				SWIFT_OPTIMIZATION_LEVEL = "-Onone";
			};
			name = Debug;
		};
		CABCE6632B2FBB990006040C /* Release */ = {
			isa = XCBuildConfiguration;
			buildSettings = {
				ALWAYS_SEARCH_USER_PATHS = NO;
				ASSETCATALOG_COMPILER_GENERATE_SWIFT_ASSET_SYMBOL_EXTENSIONS = YES;
				CLANG_ANALYZER_NONNULL = YES;
				CLANG_ANALYZER_NUMBER_OBJECT_CONVERSION = YES_AGGRESSIVE;
				CLANG_CXX_LANGUAGE_STANDARD = "gnu++20";
				CLANG_ENABLE_MODULES = YES;
				CLANG_ENABLE_OBJC_ARC = YES;
				CLANG_ENABLE_OBJC_WEAK = YES;
				CLANG_WARN_BLOCK_CAPTURE_AUTORELEASING = YES;
				CLANG_WARN_BOOL_CONVERSION = YES;
				CLANG_WARN_COMMA = YES;
				CLANG_WARN_CONSTANT_CONVERSION = YES;
				CLANG_WARN_DEPRECATED_OBJC_IMPLEMENTATIONS = YES;
				CLANG_WARN_DIRECT_OBJC_ISA_USAGE = YES_ERROR;
				CLANG_WARN_DOCUMENTATION_COMMENTS = YES;
				CLANG_WARN_EMPTY_BODY = YES;
				CLANG_WARN_ENUM_CONVERSION = YES;
				CLANG_WARN_INFINITE_RECURSION = YES;
				CLANG_WARN_INT_CONVERSION = YES;
				CLANG_WARN_NON_LITERAL_NULL_CONVERSION = YES;
				CLANG_WARN_OBJC_IMPLICIT_RETAIN_SELF = YES;
				CLANG_WARN_OBJC_LITERAL_CONVERSION = YES;
				CLANG_WARN_OBJC_ROOT_CLASS = YES_ERROR;
				CLANG_WARN_QUOTED_INCLUDE_IN_FRAMEWORK_HEADER = YES;
				CLANG_WARN_RANGE_LOOP_ANALYSIS = YES;
				CLANG_WARN_STRICT_PROTOTYPES = YES;
				CLANG_WARN_SUSPICIOUS_MOVE = YES;
				CLANG_WARN_UNGUARDED_AVAILABILITY = YES_AGGRESSIVE;
				CLANG_WARN_UNREACHABLE_CODE = YES;
				CLANG_WARN__DUPLICATE_METHOD_MATCH = YES;
				COPY_PHASE_STRIP = NO;
				DEBUG_INFORMATION_FORMAT = "dwarf-with-dsym";
				ENABLE_NS_ASSERTIONS = NO;
				ENABLE_STRICT_OBJC_MSGSEND = YES;
				ENABLE_USER_SCRIPT_SANDBOXING = YES;
				GCC_C_LANGUAGE_STANDARD = gnu17;
				GCC_NO_COMMON_BLOCKS = YES;
				GCC_WARN_64_TO_32_BIT_CONVERSION = YES;
				GCC_WARN_ABOUT_RETURN_TYPE = YES_ERROR;
				GCC_WARN_UNDECLARED_SELECTOR = YES;
				GCC_WARN_UNINITIALIZED_AUTOS = YES_AGGRESSIVE;
				GCC_WARN_UNUSED_FUNCTION = YES;
				GCC_WARN_UNUSED_VARIABLE = YES;
				IPHONEOS_DEPLOYMENT_TARGET = 17.2;
				LOCALIZATION_PREFERS_STRING_CATALOGS = YES;
				MTL_ENABLE_DEBUG_INFO = NO;
				MTL_FAST_MATH = YES;
				SDKROOT = iphoneos;
				SWIFT_COMPILATION_MODE = wholemodule;
				VALIDATE_PRODUCT = YES;
			};
			name = Release;
		};
		CABCE6652B2FBB990006040C /* Debug */ = {
			isa = XCBuildConfiguration;
			buildSettings = {
				ASSETCATALOG_COMPILER_APPICON_NAME = AppIcon;
				ASSETCATALOG_COMPILER_GLOBAL_ACCENT_COLOR_NAME = AccentColor;
				CODE_SIGN_STYLE = Automatic;
				CURRENT_PROJECT_VERSION = 1;
				DEVELOPMENT_ASSET_PATHS = "\"WNDEventMechanic/Preview Content\"";
				DEVELOPMENT_TEAM = 83Z22V6XMU;
				ENABLE_PREVIEWS = YES;
				GENERATE_INFOPLIST_FILE = YES;
				INFOPLIST_KEY_UIApplicationSceneManifest_Generation = YES;
				INFOPLIST_KEY_UIApplicationSupportsIndirectInputEvents = YES;
				INFOPLIST_KEY_UILaunchScreen_Generation = YES;
				INFOPLIST_KEY_UISupportedInterfaceOrientations_iPad = "UIInterfaceOrientationPortrait UIInterfaceOrientationPortraitUpsideDown UIInterfaceOrientationLandscapeLeft UIInterfaceOrientationLandscapeRight";
				INFOPLIST_KEY_UISupportedInterfaceOrientations_iPhone = "UIInterfaceOrientationPortrait UIInterfaceOrientationLandscapeLeft UIInterfaceOrientationLandscapeRight";
				LD_RUNPATH_SEARCH_PATHS = (
					"$(inherited)",
					"@executable_path/Frameworks",
				);
				MARKETING_VERSION = 1.0;
				PRODUCT_BUNDLE_IDENTIFIER = com.conner.yoon.WNDEventMechanic;
				PRODUCT_NAME = "$(TARGET_NAME)";
				SWIFT_EMIT_LOC_STRINGS = YES;
				SWIFT_VERSION = 5.0;
				TARGETED_DEVICE_FAMILY = "1,2";
			};
			name = Debug;
		};
		CABCE6662B2FBB990006040C /* Release */ = {
			isa = XCBuildConfiguration;
			buildSettings = {
				ASSETCATALOG_COMPILER_APPICON_NAME = AppIcon;
				ASSETCATALOG_COMPILER_GLOBAL_ACCENT_COLOR_NAME = AccentColor;
				CODE_SIGN_STYLE = Automatic;
				CURRENT_PROJECT_VERSION = 1;
				DEVELOPMENT_ASSET_PATHS = "\"WNDEventMechanic/Preview Content\"";
				DEVELOPMENT_TEAM = 83Z22V6XMU;
				ENABLE_PREVIEWS = YES;
				GENERATE_INFOPLIST_FILE = YES;
				INFOPLIST_KEY_UIApplicationSceneManifest_Generation = YES;
				INFOPLIST_KEY_UIApplicationSupportsIndirectInputEvents = YES;
				INFOPLIST_KEY_UILaunchScreen_Generation = YES;
				INFOPLIST_KEY_UISupportedInterfaceOrientations_iPad = "UIInterfaceOrientationPortrait UIInterfaceOrientationPortraitUpsideDown UIInterfaceOrientationLandscapeLeft UIInterfaceOrientationLandscapeRight";
				INFOPLIST_KEY_UISupportedInterfaceOrientations_iPhone = "UIInterfaceOrientationPortrait UIInterfaceOrientationLandscapeLeft UIInterfaceOrientationLandscapeRight";
				LD_RUNPATH_SEARCH_PATHS = (
					"$(inherited)",
					"@executable_path/Frameworks",
				);
				MARKETING_VERSION = 1.0;
				PRODUCT_BUNDLE_IDENTIFIER = com.conner.yoon.WNDEventMechanic;
				PRODUCT_NAME = "$(TARGET_NAME)";
				SWIFT_EMIT_LOC_STRINGS = YES;
				SWIFT_VERSION = 5.0;
				TARGETED_DEVICE_FAMILY = "1,2";
			};
			name = Release;
		};
		CABCE6682B2FBB990006040C /* Debug */ = {
			isa = XCBuildConfiguration;
			buildSettings = {
				ALWAYS_EMBED_SWIFT_STANDARD_LIBRARIES = YES;
				BUNDLE_LOADER = "$(TEST_HOST)";
				CODE_SIGN_STYLE = Automatic;
				CURRENT_PROJECT_VERSION = 1;
				DEVELOPMENT_TEAM = 83Z22V6XMU;
				GENERATE_INFOPLIST_FILE = YES;
				IPHONEOS_DEPLOYMENT_TARGET = 17.2;
				MARKETING_VERSION = 1.0;
				PRODUCT_BUNDLE_IDENTIFIER = com.conner.yoon.WNDEventMechanicTests;
				PRODUCT_NAME = "$(TARGET_NAME)";
				SWIFT_EMIT_LOC_STRINGS = NO;
				SWIFT_VERSION = 5.0;
				TARGETED_DEVICE_FAMILY = "1,2";
				TEST_HOST = "$(BUILT_PRODUCTS_DIR)/WNDEventMechanic.app/$(BUNDLE_EXECUTABLE_FOLDER_PATH)/WNDEventMechanic";
			};
			name = Debug;
		};
		CABCE6692B2FBB990006040C /* Release */ = {
			isa = XCBuildConfiguration;
			buildSettings = {
				ALWAYS_EMBED_SWIFT_STANDARD_LIBRARIES = YES;
				BUNDLE_LOADER = "$(TEST_HOST)";
				CODE_SIGN_STYLE = Automatic;
				CURRENT_PROJECT_VERSION = 1;
				DEVELOPMENT_TEAM = 83Z22V6XMU;
				GENERATE_INFOPLIST_FILE = YES;
				IPHONEOS_DEPLOYMENT_TARGET = 17.2;
				MARKETING_VERSION = 1.0;
				PRODUCT_BUNDLE_IDENTIFIER = com.conner.yoon.WNDEventMechanicTests;
				PRODUCT_NAME = "$(TARGET_NAME)";
				SWIFT_EMIT_LOC_STRINGS = NO;
				SWIFT_VERSION = 5.0;
				TARGETED_DEVICE_FAMILY = "1,2";
				TEST_HOST = "$(BUILT_PRODUCTS_DIR)/WNDEventMechanic.app/$(BUNDLE_EXECUTABLE_FOLDER_PATH)/WNDEventMechanic";
			};
			name = Release;
		};
		CABCE66B2B2FBB990006040C /* Debug */ = {
			isa = XCBuildConfiguration;
			buildSettings = {
				ALWAYS_EMBED_SWIFT_STANDARD_LIBRARIES = YES;
				CODE_SIGN_STYLE = Automatic;
				CURRENT_PROJECT_VERSION = 1;
				DEVELOPMENT_TEAM = 83Z22V6XMU;
				GENERATE_INFOPLIST_FILE = YES;
				MARKETING_VERSION = 1.0;
				PRODUCT_BUNDLE_IDENTIFIER = com.conner.yoon.WNDEventMechanicUITests;
				PRODUCT_NAME = "$(TARGET_NAME)";
				SWIFT_EMIT_LOC_STRINGS = NO;
				SWIFT_VERSION = 5.0;
				TARGETED_DEVICE_FAMILY = "1,2";
				TEST_TARGET_NAME = WNDEventMechanic;
			};
			name = Debug;
		};
		CABCE66C2B2FBB990006040C /* Release */ = {
			isa = XCBuildConfiguration;
			buildSettings = {
				ALWAYS_EMBED_SWIFT_STANDARD_LIBRARIES = YES;
				CODE_SIGN_STYLE = Automatic;
				CURRENT_PROJECT_VERSION = 1;
				DEVELOPMENT_TEAM = 83Z22V6XMU;
				GENERATE_INFOPLIST_FILE = YES;
				MARKETING_VERSION = 1.0;
				PRODUCT_BUNDLE_IDENTIFIER = com.conner.yoon.WNDEventMechanicUITests;
				PRODUCT_NAME = "$(TARGET_NAME)";
				SWIFT_EMIT_LOC_STRINGS = NO;
				SWIFT_VERSION = 5.0;
				TARGETED_DEVICE_FAMILY = "1,2";
				TEST_TARGET_NAME = WNDEventMechanic;
			};
			name = Release;
		};
/* End XCBuildConfiguration section */

/* Begin XCConfigurationList section */
		CABCE63B2B2FBB980006040C /* Build configuration list for PBXProject "WNDEventMechanic" */ = {
			isa = XCConfigurationList;
			buildConfigurations = (
				CABCE6622B2FBB990006040C /* Debug */,
				CABCE6632B2FBB990006040C /* Release */,
			);
			defaultConfigurationIsVisible = 0;
			defaultConfigurationName = Release;
		};
		CABCE6642B2FBB990006040C /* Build configuration list for PBXNativeTarget "WNDEventMechanic" */ = {
			isa = XCConfigurationList;
			buildConfigurations = (
				CABCE6652B2FBB990006040C /* Debug */,
				CABCE6662B2FBB990006040C /* Release */,
			);
			defaultConfigurationIsVisible = 0;
			defaultConfigurationName = Release;
		};
		CABCE6672B2FBB990006040C /* Build configuration list for PBXNativeTarget "WNDEventMechanicTests" */ = {
			isa = XCConfigurationList;
			buildConfigurations = (
				CABCE6682B2FBB990006040C /* Debug */,
				CABCE6692B2FBB990006040C /* Release */,
			);
			defaultConfigurationIsVisible = 0;
			defaultConfigurationName = Release;
		};
		CABCE66A2B2FBB990006040C /* Build configuration list for PBXNativeTarget "WNDEventMechanicUITests" */ = {
			isa = XCConfigurationList;
			buildConfigurations = (
				CABCE66B2B2FBB990006040C /* Debug */,
				CABCE66C2B2FBB990006040C /* Release */,
			);
			defaultConfigurationIsVisible = 0;
			defaultConfigurationName = Release;
		};
/* End XCConfigurationList section */
	};
	rootObject = CABCE6382B2FBB980006040C /* Project object */;
}
